// !$*UTF8*$!
{
	archiveVersion = 1;
	classes = {
	};
	objectVersion = 46;
	objects = {

/* Begin PBXBuildFile section */
		04A2016B1BD9C5BF0025F487 /* AppDelegate.swift in Sources */ = {isa = PBXBuildFile; fileRef = 04A2016A1BD9C5BF0025F487 /* AppDelegate.swift */; };
		04A2016D1BD9C5BF0025F487 /* ViewController.swift in Sources */ = {isa = PBXBuildFile; fileRef = 04A2016C1BD9C5BF0025F487 /* ViewController.swift */; };
		04A201701BD9C5BF0025F487 /* Main.storyboard in Resources */ = {isa = PBXBuildFile; fileRef = 04A2016E1BD9C5BF0025F487 /* Main.storyboard */; };
		04A201721BD9C5BF0025F487 /* Assets.xcassets in Resources */ = {isa = PBXBuildFile; fileRef = 04A201711BD9C5BF0025F487 /* Assets.xcassets */; };
		04A201751BD9C5BF0025F487 /* LaunchScreen.storyboard in Resources */ = {isa = PBXBuildFile; fileRef = 04A201731BD9C5BF0025F487 /* LaunchScreen.storyboard */; };
/* End PBXBuildFile section */

/* Begin PBXFileReference section */
		04A201671BD9C5BF0025F487 /* FontPalette.app */ = {isa = PBXFileReference; explicitFileType = wrapper.application; includeInIndex = 0; path = FontPalette.app; sourceTree = BUILT_PRODUCTS_DIR; };
		04A2016A1BD9C5BF0025F487 /* AppDelegate.swift */ = {isa = PBXFileReference; lastKnownFileType = sourcecode.swift; path = AppDelegate.swift; sourceTree = "<group>"; };
		04A2016C1BD9C5BF0025F487 /* ViewController.swift */ = {isa = PBXFileReference; lastKnownFileType = sourcecode.swift; path = ViewController.swift; sourceTree = "<group>"; };
		04A2016F1BD9C5BF0025F487 /* Base */ = {isa = PBXFileReference; lastKnownFileType = file.storyboard; name = Base; path = Base.lproj/Main.storyboard; sourceTree = "<group>"; };
		04A201711BD9C5BF0025F487 /* Assets.xcassets */ = {isa = PBXFileReference; lastKnownFileType = folder.assetcatalog; path = Assets.xcassets; sourceTree = "<group>"; };
		04A201741BD9C5BF0025F487 /* Base */ = {isa = PBXFileReference; lastKnownFileType = file.storyboard; name = Base; path = Base.lproj/LaunchScreen.storyboard; sourceTree = "<group>"; };
		04A201761BD9C5BF0025F487 /* Info.plist */ = {isa = PBXFileReference; lastKnownFileType = text.plist.xml; path = Info.plist; sourceTree = "<group>"; };
/* End PBXFileReference section */

/* Begin PBXFrameworksBuildPhase section */
		04A201641BD9C5BF0025F487 /* Frameworks */ = {
			isa = PBXFrameworksBuildPhase;
			buildActionMask = 2147483647;
			files = (
			);
			runOnlyForDeploymentPostprocessing = 0;
		};
/* End PBXFrameworksBuildPhase section */

/* Begin PBXGroup section */
		04A2015E1BD9C5BF0025F487 = {
			isa = PBXGroup;
			children = (
				04A201691BD9C5BF0025F487 /* FontPalette */,
				04A201681BD9C5BF0025F487 /* Products */,
			);
			sourceTree = "<group>";
		};
		04A201681BD9C5BF0025F487 /* Products */ = {
			isa = PBXGroup;
			children = (
				04A201671BD9C5BF0025F487 /* FontPalette.app */,
			);
			name = Products;
			sourceTree = "<group>";
		};
		04A201691BD9C5BF0025F487 /* FontPalette */ = {
			isa = PBXGroup;
			children = (
				04A2016A1BD9C5BF0025F487 /* AppDelegate.swift */,
				04A2016C1BD9C5BF0025F487 /* ViewController.swift */,
				04A2016E1BD9C5BF0025F487 /* Main.storyboard */,
				04A201711BD9C5BF0025F487 /* Assets.xcassets */,
				04A201731BD9C5BF0025F487 /* LaunchScreen.storyboard */,
				04A201761BD9C5BF0025F487 /* Info.plist */,
			);
			path = FontPalette;
			sourceTree = "<group>";
		};
/* End PBXGroup section */

/* Begin PBXNativeTarget section */
		04A201661BD9C5BF0025F487 /* FontPalette */ = {
			isa = PBXNativeTarget;
			buildConfigurationList = 04A201791BD9C5BF0025F487 /* Build configuration list for PBXNativeTarget "FontPalette" */;
			buildPhases = (
				04A201631BD9C5BF0025F487 /* Sources */,
				04A201641BD9C5BF0025F487 /* Frameworks */,
				04A201651BD9C5BF0025F487 /* Resources */,
			);
			buildRules = (
			);
			dependencies = (
			);
			name = FontPalette;
			productName = FontPalette;
			productReference = 04A201671BD9C5BF0025F487 /* FontPalette.app */;
			productType = "com.apple.product-type.application";
		};
/* End PBXNativeTarget section */

/* Begin PBXProject section */
		04A2015F1BD9C5BF0025F487 /* Project object */ = {
			isa = PBXProject;
			attributes = {
				LastUpgradeCheck = 0700;
				ORGANIZATIONNAME = wj;
				TargetAttributes = {
					04A201661BD9C5BF0025F487 = {
						CreatedOnToolsVersion = 7.0.1;
					};
				};
			};
			buildConfigurationList = 04A201621BD9C5BF0025F487 /* Build configuration list for PBXProject "FontPalette" */;
			compatibilityVersion = "Xcode 3.2";
			developmentRegion = English;
			hasScannedForEncodings = 0;
			knownRegions = (
				en,
				Base,
			);
			mainGroup = 04A2015E1BD9C5BF0025F487;
			productRefGroup = 04A201681BD9C5BF0025F487 /* Products */;
			projectDirPath = "";
			projectRoot = "";
			targets = (
				04A201661BD9C5BF0025F487 /* FontPalette */,
			);
		};
/* End PBXProject section */

/* Begin PBXResourcesBuildPhase section */
		04A201651BD9C5BF0025F487 /* Resources */ = {
			isa = PBXResourcesBuildPhase;
			buildActionMask = 2147483647;
			files = (
				04A201751BD9C5BF0025F487 /* LaunchScreen.storyboard in Resources */,
				04A201721BD9C5BF0025F487 /* Assets.xcassets in Resources */,
				04A201701BD9C5BF0025F487 /* Main.storyboard in Resources */,
			);
			runOnlyForDeploymentPostprocessing = 0;
		};
/* End PBXResourcesBuildPhase section */

/* Begin PBXSourcesBuildPhase section */
		04A201631BD9C5BF0025F487 /* Sources */ = {
			isa = PBXSourcesBuildPhase;
			buildActionMask = 2147483647;
			files = (
				04A2016D1BD9C5BF0025F487 /* ViewController.swift in Sources */,
				04A2016B1BD9C5BF0025F487 /* AppDelegate.swift in Sources */,
			);
			runOnlyForDeploymentPostprocessing = 0;
		};
/* End PBXSourcesBuildPhase section */

/* Begin PBXVariantGroup section */
		04A2016E1BD9C5BF0025F487 /* Main.storyboard */ = {
			isa = PBXVariantGroup;
			children = (
				04A2016F1BD9C5BF0025F487 /* Base */,
			);
			name = Main.storyboard;
			sourceTree = "<group>";
		};
		04A201731BD9C5BF0025F487 /* LaunchScreen.storyboard */ = {
			isa = PBXVariantGroup;
			children = (
				04A201741BD9C5BF0025F487 /* Base */,
			);
			name = LaunchScreen.storyboard;
			sourceTree = "<group>";
		};
/* End PBXVariantGroup section */

/* Begin XCBuildConfiguration section */
		04A201771BD9C5BF0025F487 /* Debug */ = {
			isa = XCBuildConfiguration;
			buildSettings = {
				ALWAYS_SEARCH_USER_PATHS = NO;
				CLANG_CXX_LANGUAGE_STANDARD = "gnu++0x";
				CLANG_CXX_LIBRARY = "libc++";
				CLANG_ENABLE_MODULES = YES;
				CLANG_ENABLE_OBJC_ARC = YES;
				CLANG_WARN_BOOL_CONVERSION = YES;
				CLANG_WARN_CONSTANT_CONVERSION = YES;
				CLANG_WARN_DIRECT_OBJC_ISA_USAGE = YES_ERROR;
				CLANG_WARN_EMPTY_BODY = YES;
				CLANG_WARN_ENUM_CONVERSION = YES;
				CLANG_WARN_INT_CONVERSION = YES;
				CLANG_WARN_OBJC_ROOT_CLASS = YES_ERROR;
				CLANG_WARN_UNREACHABLE_CODE = YES;
				CLANG_WARN__DUPLICATE_METHOD_MATCH = YES;
				"CODE_SIGN_IDENTITY[sdk=iphoneos*]" = "iPhone Developer";
				COPY_PHASE_STRIP = NO;
				DEBUG_INFORMATION_FORMAT = dwarf;
				ENABLE_STRICT_OBJC_MSGSEND = YES;
				ENABLE_TESTABILITY = YES;
				GCC_C_LANGUAGE_STANDARD = gnu99;
				GCC_DYNAMIC_NO_PIC = NO;
				GCC_NO_COMMON_BLOCKS = YES;
				GCC_OPTIMIZATION_LEVEL = 0;
				GCC_PREPROCESSOR_DEFINITIONS = (
					"DEBUG=1",
					"$(inherited)",
				);
				GCC_WARN_64_TO_32_BIT_CONVERSION = YES;
				GCC_WARN_ABOUT_RETURN_TYPE = YES_ERROR;
				GCC_WARN_UNDECLARED_SELECTOR = YES;
				GCC_WARN_UNINITIALIZED_AUTOS = YES_AGGRESSIVE;
				GCC_WARN_UNUSED_FUNCTION = YES;
				GCC_WARN_UNUSED_VARIABLE = YES;
				IPHONEOS_DEPLOYMENT_TARGET = 9.0;
				MTL_ENABLE_DEBUG_INFO = YES;
				ONLY_ACTIVE_ARCH = YES;
				SDKROOT = iphoneos;
				SWIFT_OPTIMIZATION_LEVEL = "-Onone";
			};
			name = Debug;
		};
		04A201781BD9C5BF0025F487 /* Release */ = {
			isa = XCBuildConfiguration;
			buildSettings = {
				ALWAYS_SEARCH_USER_PATHS = NO;
				CLANG_CXX_LANGUAGE_STANDARD = "gnu++0x";
				CLANG_CXX_LIBRARY = "libc++";
				CLANG_ENABLE_MODULES = YES;
				CLANG_ENABLE_OBJC_ARC = YES;
				CLANG_WARN_BOOL_CONVERSION = YES;
				CLANG_WARN_CONSTANT_CONVERSION = YES;
				CLANG_WARN_DIRECT_OBJC_ISA_USAGE = YES_ERROR;
				CLANG_WARN_EMPTY_BODY = YES;
				CLANG_WARN_ENUM_CONVERSION = YES;
				CLANG_WARN_INT_CONVERSION = YES;
				CLANG_WARN_OBJC_ROOT_CLASS = YES_ERROR;
				CLANG_WARN_UNREACHABLE_CODE = YES;
				CLANG_WARN__DUPLICATE_METHOD_MATCH = YES;
				"CODE_SIGN_IDENTITY[sdk=iphoneos*]" = "iPhone Developer";
				COPY_PHASE_STRIP = NO;
				DEBUG_INFORMATION_FORMAT = "dwarf-with-dsym";
				ENABLE_NS_ASSERTIONS = NO;
				ENABLE_STRICT_OBJC_MSGSEND = YES;
				GCC_C_LANGUAGE_STANDARD = gnu99;
				GCC_NO_COMMON_BLOCKS = YES;
				GCC_WARN_64_TO_32_BIT_CONVERSION = YES;
				GCC_WARN_ABOUT_RETURN_TYPE = YES_ERROR;
				GCC_WARN_UNDECLARED_SELECTOR = YES;
				GCC_WARN_UNINITIALIZED_AUTOS = YES_AGGRESSIVE;
				GCC_WARN_UNUSED_FUNCTION = YES;
				GCC_WARN_UNUSED_VARIABLE = YES;
				IPHONEOS_DEPLOYMENT_TARGET = 9.0;
				MTL_ENABLE_DEBUG_INFO = NO;
				SDKROOT = iphoneos;
				VALIDATE_PRODUCT = YES;
			};
			name = Release;
		};
		04A2017A1BD9C5BF0025F487 /* Debug */ = {
			isa = XCBuildConfiguration;
			buildSettings = {
				ASSETCATALOG_COMPILER_APPICON_NAME = AppIcon;
				INFOPLIST_FILE = FontPalette/Info.plist;
				LD_RUNPATH_SEARCH_PATHS = "$(inherited) @executable_path/Frameworks";
				PRODUCT_BUNDLE_IDENTIFIER = wj.FontPalette;
				PRODUCT_NAME = "$(TARGET_NAME)";
			};
			name = Debug;
		};
		04A2017B1BD9C5BF0025F487 /* Release */ = {
			isa = XCBuildConfiguration;
			buildSettings = {
				ASSETCATALOG_COMPILER_APPICON_NAME = AppIcon;
				INFOPLIST_FILE = FontPalette/Info.plist;
				LD_RUNPATH_SEARCH_PATHS = "$(inherited) @executable_path/Frameworks";
				PRODUCT_BUNDLE_IDENTIFIER = wj.FontPalette;
				PRODUCT_NAME = "$(TARGET_NAME)";
			};
			name = Release;
		};
/* End XCBuildConfiguration section */

/* Begin XCConfigurationList section */
		04A201621BD9C5BF0025F487 /* Build configuration list for PBXProject "FontPalette" */ = {
			isa = XCConfigurationList;
			buildConfigurations = (
				04A201771BD9C5BF0025F487 /* Debug */,
				04A201781BD9C5BF0025F487 /* Release */,
			);
			defaultConfigurationIsVisible = 0;
			defaultConfigurationName = Release;
		};
		04A201791BD9C5BF0025F487 /* Build configuration list for PBXNativeTarget "FontPalette" */ = {
			isa = XCConfigurationList;
			buildConfigurations = (
				04A2017A1BD9C5BF0025F487 /* Debug */,
				04A2017B1BD9C5BF0025F487 /* Release */,
			);
			defaultConfigurationIsVisible = 0;
		};
/* End XCConfigurationList section */
	};
	rootObject = 04A2015F1BD9C5BF0025F487 /* Project object */;
}
