// !$*UTF8*$!
{
	archiveVersion = 1;
	classes = {
	};
	objectVersion = 46;
	objects = {

/* Begin PBXBuildFile section */
		04145D921BD4D2DD007CC5C6 /* AppDelegate.swift in Sources */ = {isa = PBXBuildFile; fileRef = 04145D911BD4D2DD007CC5C6 /* AppDelegate.swift */; };
		04145D941BD4D2DD007CC5C6 /* ViewController.swift in Sources */ = {isa = PBXBuildFile; fileRef = 04145D931BD4D2DD007CC5C6 /* ViewController.swift */; };
		04145D971BD4D2DD007CC5C6 /* Main.storyboard in Resources */ = {isa = PBXBuildFile; fileRef = 04145D951BD4D2DD007CC5C6 /* Main.storyboard */; };
		04145D9C1BD4D2DD007CC5C6 /* LaunchScreen.storyboard in Resources */ = {isa = PBXBuildFile; fileRef = 04145D9A1BD4D2DD007CC5C6 /* LaunchScreen.storyboard */; };
		04145DA41BD4D8D6007CC5C6 /* Imags.xcassets in Resources */ = {isa = PBXBuildFile; fileRef = 04145DA31BD4D8D6007CC5C6 /* Imags.xcassets */; settings = {ASSET_TAGS = (); }; };
/* End PBXBuildFile section */

/* Begin PBXFileReference section */
		04145D8E1BD4D2DD007CC5C6 /* MuiltiResolution.app */ = {isa = PBXFileReference; explicitFileType = wrapper.application; includeInIndex = 0; path = MuiltiResolution.app; sourceTree = BUILT_PRODUCTS_DIR; };
		04145D911BD4D2DD007CC5C6 /* AppDelegate.swift */ = {isa = PBXFileReference; lastKnownFileType = sourcecode.swift; path = AppDelegate.swift; sourceTree = "<group>"; };
		04145D931BD4D2DD007CC5C6 /* ViewController.swift */ = {isa = PBXFileReference; lastKnownFileType = sourcecode.swift; path = ViewController.swift; sourceTree = "<group>"; };
		04145D961BD4D2DD007CC5C6 /* Base */ = {isa = PBXFileReference; lastKnownFileType = file.storyboard; name = Base; path = Base.lproj/Main.storyboard; sourceTree = "<group>"; };
		04145D9B1BD4D2DD007CC5C6 /* Base */ = {isa = PBXFileReference; lastKnownFileType = file.storyboard; name = Base; path = Base.lproj/LaunchScreen.storyboard; sourceTree = "<group>"; };
		04145D9D1BD4D2DD007CC5C6 /* Info.plist */ = {isa = PBXFileReference; lastKnownFileType = text.plist.xml; path = Info.plist; sourceTree = "<group>"; };
		04145DA31BD4D8D6007CC5C6 /* Imags.xcassets */ = {isa = PBXFileReference; lastKnownFileType = folder.assetcatalog; path = Imags.xcassets; sourceTree = "<group>"; };
/* End PBXFileReference section */

/* Begin PBXFrameworksBuildPhase section */
		04145D8B1BD4D2DD007CC5C6 /* Frameworks */ = {
			isa = PBXFrameworksBuildPhase;
			buildActionMask = 2147483647;
			files = (
			);
			runOnlyForDeploymentPostprocessing = 0;
		};
/* End PBXFrameworksBuildPhase section */

/* Begin PBXGroup section */
		04145D851BD4D2DD007CC5C6 = {
			isa = PBXGroup;
			children = (
				04145D901BD4D2DD007CC5C6 /* MuiltiResolution */,
				04145D8F1BD4D2DD007CC5C6 /* Products */,
			);
			sourceTree = "<group>";
		};
		04145D8F1BD4D2DD007CC5C6 /* Products */ = {
			isa = PBXGroup;
			children = (
				04145D8E1BD4D2DD007CC5C6 /* MuiltiResolution.app */,
			);
			name = Products;
			sourceTree = "<group>";
		};
		04145D901BD4D2DD007CC5C6 /* MuiltiResolution */ = {
			isa = PBXGroup;
			children = (
				04145D911BD4D2DD007CC5C6 /* AppDelegate.swift */,
				04145D931BD4D2DD007CC5C6 /* ViewController.swift */,
				04145D951BD4D2DD007CC5C6 /* Main.storyboard */,
				04145DA31BD4D8D6007CC5C6 /* Imags.xcassets */,
				04145D9A1BD4D2DD007CC5C6 /* LaunchScreen.storyboard */,
				04145D9D1BD4D2DD007CC5C6 /* Info.plist */,
			);
			path = MuiltiResolution;
			sourceTree = "<group>";
		};
/* End PBXGroup section */

/* Begin PBXNativeTarget section */
		04145D8D1BD4D2DD007CC5C6 /* MuiltiResolution */ = {
			isa = PBXNativeTarget;
			buildConfigurationList = 04145DA01BD4D2DD007CC5C6 /* Build configuration list for PBXNativeTarget "MuiltiResolution" */;
			buildPhases = (
				04145D8A1BD4D2DD007CC5C6 /* Sources */,
				04145D8B1BD4D2DD007CC5C6 /* Frameworks */,
				04145D8C1BD4D2DD007CC5C6 /* Resources */,
			);
			buildRules = (
			);
			dependencies = (
			);
			name = MuiltiResolution;
			productName = MuiltiResolution;
			productReference = 04145D8E1BD4D2DD007CC5C6 /* MuiltiResolution.app */;
			productType = "com.apple.product-type.application";
		};
/* End PBXNativeTarget section */

/* Begin PBXProject section */
		04145D861BD4D2DD007CC5C6 /* Project object */ = {
			isa = PBXProject;
			attributes = {
				LastUpgradeCheck = 0700;
				ORGANIZATIONNAME = wj;
				TargetAttributes = {
					04145D8D1BD4D2DD007CC5C6 = {
						CreatedOnToolsVersion = 7.0.1;
					};
				};
			};
			buildConfigurationList = 04145D891BD4D2DD007CC5C6 /* Build configuration list for PBXProject "MuiltiResolution" */;
			compatibilityVersion = "Xcode 3.2";
			developmentRegion = English;
			hasScannedForEncodings = 0;
			knownRegions = (
				en,
				Base,
			);
			mainGroup = 04145D851BD4D2DD007CC5C6;
			productRefGroup = 04145D8F1BD4D2DD007CC5C6 /* Products */;
			projectDirPath = "";
			projectRoot = "";
			targets = (
				04145D8D1BD4D2DD007CC5C6 /* MuiltiResolution */,
			);
		};
/* End PBXProject section */

/* Begin PBXResourcesBuildPhase section */
		04145D8C1BD4D2DD007CC5C6 /* Resources */ = {
			isa = PBXResourcesBuildPhase;
			buildActionMask = 2147483647;
			files = (
				04145D9C1BD4D2DD007CC5C6 /* LaunchScreen.storyboard in Resources */,
				04145D971BD4D2DD007CC5C6 /* Main.storyboard in Resources */,
				04145DA41BD4D8D6007CC5C6 /* Imags.xcassets in Resources */,
			);
			runOnlyForDeploymentPostprocessing = 0;
		};
/* End PBXResourcesBuildPhase section */

/* Begin PBXSourcesBuildPhase section */
		04145D8A1BD4D2DD007CC5C6 /* Sources */ = {
			isa = PBXSourcesBuildPhase;
			buildActionMask = 2147483647;
			files = (
				04145D941BD4D2DD007CC5C6 /* ViewController.swift in Sources */,
				04145D921BD4D2DD007CC5C6 /* AppDelegate.swift in Sources */,
			);
			runOnlyForDeploymentPostprocessing = 0;
		};
/* End PBXSourcesBuildPhase section */

/* Begin PBXVariantGroup section */
		04145D951BD4D2DD007CC5C6 /* Main.storyboard */ = {
			isa = PBXVariantGroup;
			children = (
				04145D961BD4D2DD007CC5C6 /* Base */,
			);
			name = Main.storyboard;
			sourceTree = "<group>";
		};
		04145D9A1BD4D2DD007CC5C6 /* LaunchScreen.storyboard */ = {
			isa = PBXVariantGroup;
			children = (
				04145D9B1BD4D2DD007CC5C6 /* Base */,
			);
			name = LaunchScreen.storyboard;
			sourceTree = "<group>";
		};
/* End PBXVariantGroup section */

/* Begin XCBuildConfiguration section */
		04145D9E1BD4D2DD007CC5C6 /* Debug */ = {
			isa = XCBuildConfiguration;
			buildSettings = {
				ALWAYS_SEARCH_USER_PATHS = NO;
				CLANG_CXX_LANGUAGE_STANDARD = "gnu++0x";
				CLANG_CXX_LIBRARY = "libc++";
				CLANG_ENABLE_MODULES = YES;
				CLANG_ENABLE_OBJC_ARC = YES;
				CLANG_WARN_BOOL_CONVERSION = YES;
				CLANG_WARN_CONSTANT_CONVERSION = YES;
				CLANG_WARN_DIRECT_OBJC_ISA_USAGE = YES_ERROR;
				CLANG_WARN_EMPTY_BODY = YES;
				CLANG_WARN_ENUM_CONVERSION = YES;
				CLANG_WARN_INT_CONVERSION = YES;
				CLANG_WARN_OBJC_ROOT_CLASS = YES_ERROR;
				CLANG_WARN_UNREACHABLE_CODE = YES;
				CLANG_WARN__DUPLICATE_METHOD_MATCH = YES;
				"CODE_SIGN_IDENTITY[sdk=iphoneos*]" = "iPhone Developer";
				COPY_PHASE_STRIP = NO;
				DEBUG_INFORMATION_FORMAT = dwarf;
				ENABLE_STRICT_OBJC_MSGSEND = YES;
				ENABLE_TESTABILITY = YES;
				GCC_C_LANGUAGE_STANDARD = gnu99;
				GCC_DYNAMIC_NO_PIC = NO;
				GCC_NO_COMMON_BLOCKS = YES;
				GCC_OPTIMIZATION_LEVEL = 0;
				GCC_PREPROCESSOR_DEFINITIONS = (
					"DEBUG=1",
					"$(inherited)",
				);
				GCC_WARN_64_TO_32_BIT_CONVERSION = YES;
				GCC_WARN_ABOUT_RETURN_TYPE = YES_ERROR;
				GCC_WARN_UNDECLARED_SELECTOR = YES;
				GCC_WARN_UNINITIALIZED_AUTOS = YES_AGGRESSIVE;
				GCC_WARN_UNUSED_FUNCTION = YES;
				GCC_WARN_UNUSED_VARIABLE = YES;
				IPHONEOS_DEPLOYMENT_TARGET = 9.0;
				MTL_ENABLE_DEBUG_INFO = YES;
				ONLY_ACTIVE_ARCH = YES;
				SDKROOT = iphoneos;
				SWIFT_OPTIMIZATION_LEVEL = "-Onone";
			};
			name = Debug;
		};
		04145D9F1BD4D2DD007CC5C6 /* Release */ = {
			isa = XCBuildConfiguration;
			buildSettings = {
				ALWAYS_SEARCH_USER_PATHS = NO;
				CLANG_CXX_LANGUAGE_STANDARD = "gnu++0x";
				CLANG_CXX_LIBRARY = "libc++";
				CLANG_ENABLE_MODULES = YES;
				CLANG_ENABLE_OBJC_ARC = YES;
				CLANG_WARN_BOOL_CONVERSION = YES;
				CLANG_WARN_CONSTANT_CONVERSION = YES;
				CLANG_WARN_DIRECT_OBJC_ISA_USAGE = YES_ERROR;
				CLANG_WARN_EMPTY_BODY = YES;
				CLANG_WARN_ENUM_CONVERSION = YES;
				CLANG_WARN_INT_CONVERSION = YES;
				CLANG_WARN_OBJC_ROOT_CLASS = YES_ERROR;
				CLANG_WARN_UNREACHABLE_CODE = YES;
				CLANG_WARN__DUPLICATE_METHOD_MATCH = YES;
				"CODE_SIGN_IDENTITY[sdk=iphoneos*]" = "iPhone Developer";
				COPY_PHASE_STRIP = NO;
				DEBUG_INFORMATION_FORMAT = "dwarf-with-dsym";
				ENABLE_NS_ASSERTIONS = NO;
				ENABLE_STRICT_OBJC_MSGSEND = YES;
				GCC_C_LANGUAGE_STANDARD = gnu99;
				GCC_NO_COMMON_BLOCKS = YES;
				GCC_WARN_64_TO_32_BIT_CONVERSION = YES;
				GCC_WARN_ABOUT_RETURN_TYPE = YES_ERROR;
				GCC_WARN_UNDECLARED_SELECTOR = YES;
				GCC_WARN_UNINITIALIZED_AUTOS = YES_AGGRESSIVE;
				GCC_WARN_UNUSED_FUNCTION = YES;
				GCC_WARN_UNUSED_VARIABLE = YES;
				IPHONEOS_DEPLOYMENT_TARGET = 9.0;
				MTL_ENABLE_DEBUG_INFO = NO;
				SDKROOT = iphoneos;
				VALIDATE_PRODUCT = YES;
			};
			name = Release;
		};
		04145DA11BD4D2DD007CC5C6 /* Debug */ = {
			isa = XCBuildConfiguration;
			buildSettings = {
				ASSETCATALOG_COMPILER_APPICON_NAME = AppIcon;
				INFOPLIST_FILE = MuiltiResolution/Info.plist;
				LD_RUNPATH_SEARCH_PATHS = "$(inherited) @executable_path/Frameworks";
				PRODUCT_BUNDLE_IDENTIFIER = wj.MuiltiResolution;
				PRODUCT_NAME = "$(TARGET_NAME)";
			};
			name = Debug;
		};
		04145DA21BD4D2DD007CC5C6 /* Release */ = {
			isa = XCBuildConfiguration;
			buildSettings = {
				ASSETCATALOG_COMPILER_APPICON_NAME = AppIcon;
				INFOPLIST_FILE = MuiltiResolution/Info.plist;
				LD_RUNPATH_SEARCH_PATHS = "$(inherited) @executable_path/Frameworks";
				PRODUCT_BUNDLE_IDENTIFIER = wj.MuiltiResolution;
				PRODUCT_NAME = "$(TARGET_NAME)";
			};
			name = Release;
		};
/* End XCBuildConfiguration section */

/* Begin XCConfigurationList section */
		04145D891BD4D2DD007CC5C6 /* Build configuration list for PBXProject "MuiltiResolution" */ = {
			isa = XCConfigurationList;
			buildConfigurations = (
				04145D9E1BD4D2DD007CC5C6 /* Debug */,
				04145D9F1BD4D2DD007CC5C6 /* Release */,
			);
			defaultConfigurationIsVisible = 0;
			defaultConfigurationName = Release;
		};
		04145DA01BD4D2DD007CC5C6 /* Build configuration list for PBXNativeTarget "MuiltiResolution" */ = {
			isa = XCConfigurationList;
			buildConfigurations = (
				04145DA11BD4D2DD007CC5C6 /* Debug */,
				04145DA21BD4D2DD007CC5C6 /* Release */,
			);
			defaultConfigurationIsVisible = 0;
		};
/* End XCConfigurationList section */
	};
	rootObject = 04145D861BD4D2DD007CC5C6 /* Project object */;
}
