// !$*UTF8*$!
{
	archiveVersion = 1;
	classes = {
	};
	objectVersion = 46;
	objects = {

/* Begin PBXBuildFile section */
		07629DEC1BD1F7A000878193 /* AppDelegate.swift in Sources */ = {isa = PBXBuildFile; fileRef = 07629DEB1BD1F7A000878193 /* AppDelegate.swift */; };
		07629DEE1BD1F7A000878193 /* ViewController.swift in Sources */ = {isa = PBXBuildFile; fileRef = 07629DED1BD1F7A000878193 /* ViewController.swift */; };
		07629DF11BD1F7A000878193 /* Main.storyboard in Resources */ = {isa = PBXBuildFile; fileRef = 07629DEF1BD1F7A000878193 /* Main.storyboard */; };
		07629DF31BD1F7A000878193 /* Assets.xcassets in Resources */ = {isa = PBXBuildFile; fileRef = 07629DF21BD1F7A000878193 /* Assets.xcassets */; };
		07629DF61BD1F7A000878193 /* LaunchScreen.storyboard in Resources */ = {isa = PBXBuildFile; fileRef = 07629DF41BD1F7A000878193 /* LaunchScreen.storyboard */; };
		07629E001BD1FB4B00878193 /* SCSampleCustomControl.swift in Sources */ = {isa = PBXBuildFile; fileRef = 07629DFF1BD1FB4B00878193 /* SCSampleCustomControl.swift */; settings = {ASSET_TAGS = (); }; };
		07629E021BD2006600878193 /* shinobihead.png in Resources */ = {isa = PBXBuildFile; fileRef = 07629E011BD2006600878193 /* shinobihead.png */; settings = {ASSET_TAGS = (); }; };
/* End PBXBuildFile section */

/* Begin PBXFileReference section */
		07629DE81BD1F7A000878193 /* ColorChanger.app */ = {isa = PBXFileReference; explicitFileType = wrapper.application; includeInIndex = 0; path = ColorChanger.app; sourceTree = BUILT_PRODUCTS_DIR; };
		07629DEB1BD1F7A000878193 /* AppDelegate.swift */ = {isa = PBXFileReference; lastKnownFileType = sourcecode.swift; path = AppDelegate.swift; sourceTree = "<group>"; };
		07629DED1BD1F7A000878193 /* ViewController.swift */ = {isa = PBXFileReference; lastKnownFileType = sourcecode.swift; path = ViewController.swift; sourceTree = "<group>"; };
		07629DF01BD1F7A000878193 /* Base */ = {isa = PBXFileReference; lastKnownFileType = file.storyboard; name = Base; path = Base.lproj/Main.storyboard; sourceTree = "<group>"; };
		07629DF21BD1F7A000878193 /* Assets.xcassets */ = {isa = PBXFileReference; lastKnownFileType = folder.assetcatalog; path = Assets.xcassets; sourceTree = "<group>"; };
		07629DF51BD1F7A000878193 /* Base */ = {isa = PBXFileReference; lastKnownFileType = file.storyboard; name = Base; path = Base.lproj/LaunchScreen.storyboard; sourceTree = "<group>"; };
		07629DF71BD1F7A000878193 /* Info.plist */ = {isa = PBXFileReference; lastKnownFileType = text.plist.xml; path = Info.plist; sourceTree = "<group>"; };
		07629DFF1BD1FB4B00878193 /* SCSampleCustomControl.swift */ = {isa = PBXFileReference; fileEncoding = 4; lastKnownFileType = sourcecode.swift; path = SCSampleCustomControl.swift; sourceTree = "<group>"; };
		07629E011BD2006600878193 /* shinobihead.png */ = {isa = PBXFileReference; lastKnownFileType = image.png; path = shinobihead.png; sourceTree = "<group>"; };
/* End PBXFileReference section */

/* Begin PBXFrameworksBuildPhase section */
		07629DE51BD1F7A000878193 /* Frameworks */ = {
			isa = PBXFrameworksBuildPhase;
			buildActionMask = 2147483647;
			files = (
			);
			runOnlyForDeploymentPostprocessing = 0;
		};
/* End PBXFrameworksBuildPhase section */

/* Begin PBXGroup section */
		07629DDF1BD1F7A000878193 = {
			isa = PBXGroup;
			children = (
				07629DEA1BD1F7A000878193 /* ColorChanger */,
				07629DE91BD1F7A000878193 /* Products */,
			);
			sourceTree = "<group>";
		};
		07629DE91BD1F7A000878193 /* Products */ = {
			isa = PBXGroup;
			children = (
				07629DE81BD1F7A000878193 /* ColorChanger.app */,
			);
			name = Products;
			sourceTree = "<group>";
		};
		07629DEA1BD1F7A000878193 /* ColorChanger */ = {
			isa = PBXGroup;
			children = (
				07629E011BD2006600878193 /* shinobihead.png */,
				07629DFF1BD1FB4B00878193 /* SCSampleCustomControl.swift */,
				07629DEB1BD1F7A000878193 /* AppDelegate.swift */,
				07629DED1BD1F7A000878193 /* ViewController.swift */,
				07629DEF1BD1F7A000878193 /* Main.storyboard */,
				07629DF21BD1F7A000878193 /* Assets.xcassets */,
				07629DF41BD1F7A000878193 /* LaunchScreen.storyboard */,
				07629DF71BD1F7A000878193 /* Info.plist */,
			);
			path = ColorChanger;
			sourceTree = "<group>";
		};
/* End PBXGroup section */

/* Begin PBXNativeTarget section */
		07629DE71BD1F7A000878193 /* ColorChanger */ = {
			isa = PBXNativeTarget;
			buildConfigurationList = 07629DFA1BD1F7A000878193 /* Build configuration list for PBXNativeTarget "ColorChanger" */;
			buildPhases = (
				07629DE41BD1F7A000878193 /* Sources */,
				07629DE51BD1F7A000878193 /* Frameworks */,
				07629DE61BD1F7A000878193 /* Resources */,
			);
			buildRules = (
			);
			dependencies = (
			);
			name = ColorChanger;
			productName = ColorChanger;
			productReference = 07629DE81BD1F7A000878193 /* ColorChanger.app */;
			productType = "com.apple.product-type.application";
		};
/* End PBXNativeTarget section */

/* Begin PBXProject section */
		07629DE01BD1F7A000878193 /* Project object */ = {
			isa = PBXProject;
			attributes = {
				LastUpgradeCheck = 0700;
				ORGANIZATIONNAME = wj;
				TargetAttributes = {
					07629DE71BD1F7A000878193 = {
						CreatedOnToolsVersion = 7.0.1;
					};
				};
			};
			buildConfigurationList = 07629DE31BD1F7A000878193 /* Build configuration list for PBXProject "ColorChanger" */;
			compatibilityVersion = "Xcode 3.2";
			developmentRegion = English;
			hasScannedForEncodings = 0;
			knownRegions = (
				en,
				Base,
			);
			mainGroup = 07629DDF1BD1F7A000878193;
			productRefGroup = 07629DE91BD1F7A000878193 /* Products */;
			projectDirPath = "";
			projectRoot = "";
			targets = (
				07629DE71BD1F7A000878193 /* ColorChanger */,
			);
		};
/* End PBXProject section */

/* Begin PBXResourcesBuildPhase section */
		07629DE61BD1F7A000878193 /* Resources */ = {
			isa = PBXResourcesBuildPhase;
			buildActionMask = 2147483647;
			files = (
				07629E021BD2006600878193 /* shinobihead.png in Resources */,
				07629DF61BD1F7A000878193 /* LaunchScreen.storyboard in Resources */,
				07629DF31BD1F7A000878193 /* Assets.xcassets in Resources */,
				07629DF11BD1F7A000878193 /* Main.storyboard in Resources */,
			);
			runOnlyForDeploymentPostprocessing = 0;
		};
/* End PBXResourcesBuildPhase section */

/* Begin PBXSourcesBuildPhase section */
		07629DE41BD1F7A000878193 /* Sources */ = {
			isa = PBXSourcesBuildPhase;
			buildActionMask = 2147483647;
			files = (
				07629DEE1BD1F7A000878193 /* ViewController.swift in Sources */,
				07629E001BD1FB4B00878193 /* SCSampleCustomControl.swift in Sources */,
				07629DEC1BD1F7A000878193 /* AppDelegate.swift in Sources */,
			);
			runOnlyForDeploymentPostprocessing = 0;
		};
/* End PBXSourcesBuildPhase section */

/* Begin PBXVariantGroup section */
		07629DEF1BD1F7A000878193 /* Main.storyboard */ = {
			isa = PBXVariantGroup;
			children = (
				07629DF01BD1F7A000878193 /* Base */,
			);
			name = Main.storyboard;
			sourceTree = "<group>";
		};
		07629DF41BD1F7A000878193 /* LaunchScreen.storyboard */ = {
			isa = PBXVariantGroup;
			children = (
				07629DF51BD1F7A000878193 /* Base */,
			);
			name = LaunchScreen.storyboard;
			sourceTree = "<group>";
		};
/* End PBXVariantGroup section */

/* Begin XCBuildConfiguration section */
		07629DF81BD1F7A000878193 /* Debug */ = {
			isa = XCBuildConfiguration;
			buildSettings = {
				ALWAYS_SEARCH_USER_PATHS = NO;
				CLANG_CXX_LANGUAGE_STANDARD = "gnu++0x";
				CLANG_CXX_LIBRARY = "libc++";
				CLANG_ENABLE_MODULES = YES;
				CLANG_ENABLE_OBJC_ARC = YES;
				CLANG_WARN_BOOL_CONVERSION = YES;
				CLANG_WARN_CONSTANT_CONVERSION = YES;
				CLANG_WARN_DIRECT_OBJC_ISA_USAGE = YES_ERROR;
				CLANG_WARN_EMPTY_BODY = YES;
				CLANG_WARN_ENUM_CONVERSION = YES;
				CLANG_WARN_INT_CONVERSION = YES;
				CLANG_WARN_OBJC_ROOT_CLASS = YES_ERROR;
				CLANG_WARN_UNREACHABLE_CODE = YES;
				CLANG_WARN__DUPLICATE_METHOD_MATCH = YES;
				"CODE_SIGN_IDENTITY[sdk=iphoneos*]" = "iPhone Developer";
				COPY_PHASE_STRIP = NO;
				DEBUG_INFORMATION_FORMAT = dwarf;
				ENABLE_STRICT_OBJC_MSGSEND = YES;
				ENABLE_TESTABILITY = YES;
				GCC_C_LANGUAGE_STANDARD = gnu99;
				GCC_DYNAMIC_NO_PIC = NO;
				GCC_NO_COMMON_BLOCKS = YES;
				GCC_OPTIMIZATION_LEVEL = 0;
				GCC_PREPROCESSOR_DEFINITIONS = (
					"DEBUG=1",
					"$(inherited)",
				);
				GCC_WARN_64_TO_32_BIT_CONVERSION = YES;
				GCC_WARN_ABOUT_RETURN_TYPE = YES_ERROR;
				GCC_WARN_UNDECLARED_SELECTOR = YES;
				GCC_WARN_UNINITIALIZED_AUTOS = YES_AGGRESSIVE;
				GCC_WARN_UNUSED_FUNCTION = YES;
				GCC_WARN_UNUSED_VARIABLE = YES;
				IPHONEOS_DEPLOYMENT_TARGET = 9.0;
				MTL_ENABLE_DEBUG_INFO = YES;
				ONLY_ACTIVE_ARCH = YES;
				SDKROOT = iphoneos;
				SWIFT_OPTIMIZATION_LEVEL = "-Onone";
			};
			name = Debug;
		};
		07629DF91BD1F7A000878193 /* Release */ = {
			isa = XCBuildConfiguration;
			buildSettings = {
				ALWAYS_SEARCH_USER_PATHS = NO;
				CLANG_CXX_LANGUAGE_STANDARD = "gnu++0x";
				CLANG_CXX_LIBRARY = "libc++";
				CLANG_ENABLE_MODULES = YES;
				CLANG_ENABLE_OBJC_ARC = YES;
				CLANG_WARN_BOOL_CONVERSION = YES;
				CLANG_WARN_CONSTANT_CONVERSION = YES;
				CLANG_WARN_DIRECT_OBJC_ISA_USAGE = YES_ERROR;
				CLANG_WARN_EMPTY_BODY = YES;
				CLANG_WARN_ENUM_CONVERSION = YES;
				CLANG_WARN_INT_CONVERSION = YES;
				CLANG_WARN_OBJC_ROOT_CLASS = YES_ERROR;
				CLANG_WARN_UNREACHABLE_CODE = YES;
				CLANG_WARN__DUPLICATE_METHOD_MATCH = YES;
				"CODE_SIGN_IDENTITY[sdk=iphoneos*]" = "iPhone Developer";
				COPY_PHASE_STRIP = NO;
				DEBUG_INFORMATION_FORMAT = "dwarf-with-dsym";
				ENABLE_NS_ASSERTIONS = NO;
				ENABLE_STRICT_OBJC_MSGSEND = YES;
				GCC_C_LANGUAGE_STANDARD = gnu99;
				GCC_NO_COMMON_BLOCKS = YES;
				GCC_WARN_64_TO_32_BIT_CONVERSION = YES;
				GCC_WARN_ABOUT_RETURN_TYPE = YES_ERROR;
				GCC_WARN_UNDECLARED_SELECTOR = YES;
				GCC_WARN_UNINITIALIZED_AUTOS = YES_AGGRESSIVE;
				GCC_WARN_UNUSED_FUNCTION = YES;
				GCC_WARN_UNUSED_VARIABLE = YES;
				IPHONEOS_DEPLOYMENT_TARGET = 9.0;
				MTL_ENABLE_DEBUG_INFO = NO;
				SDKROOT = iphoneos;
				VALIDATE_PRODUCT = YES;
			};
			name = Release;
		};
		07629DFB1BD1F7A000878193 /* Debug */ = {
			isa = XCBuildConfiguration;
			buildSettings = {
				ASSETCATALOG_COMPILER_APPICON_NAME = AppIcon;
				INFOPLIST_FILE = ColorChanger/Info.plist;
				LD_RUNPATH_SEARCH_PATHS = "$(inherited) @executable_path/Frameworks";
				PRODUCT_BUNDLE_IDENTIFIER = wj.ColorChanger;
				PRODUCT_NAME = "$(TARGET_NAME)";
			};
			name = Debug;
		};
		07629DFC1BD1F7A000878193 /* Release */ = {
			isa = XCBuildConfiguration;
			buildSettings = {
				ASSETCATALOG_COMPILER_APPICON_NAME = AppIcon;
				INFOPLIST_FILE = ColorChanger/Info.plist;
				LD_RUNPATH_SEARCH_PATHS = "$(inherited) @executable_path/Frameworks";
				PRODUCT_BUNDLE_IDENTIFIER = wj.ColorChanger;
				PRODUCT_NAME = "$(TARGET_NAME)";
			};
			name = Release;
		};
/* End XCBuildConfiguration section */

/* Begin XCConfigurationList section */
		07629DE31BD1F7A000878193 /* Build configuration list for PBXProject "ColorChanger" */ = {
			isa = XCConfigurationList;
			buildConfigurations = (
				07629DF81BD1F7A000878193 /* Debug */,
				07629DF91BD1F7A000878193 /* Release */,
			);
			defaultConfigurationIsVisible = 0;
			defaultConfigurationName = Release;
		};
		07629DFA1BD1F7A000878193 /* Build configuration list for PBXNativeTarget "ColorChanger" */ = {
			isa = XCConfigurationList;
			buildConfigurations = (
				07629DFB1BD1F7A000878193 /* Debug */,
				07629DFC1BD1F7A000878193 /* Release */,
			);
			defaultConfigurationIsVisible = 0;
		};
/* End XCConfigurationList section */
	};
	rootObject = 07629DE01BD1F7A000878193 /* Project object */;
}
